
Microsoft Visual Studio Solution File, Format Version 12.00
# Visual Studio Version 17
VisualStudioVersion = 17.5.33414.496
MinimumVisualStudioVersion = 10.0.40219.1
Project("{FAE04EC0-301F-11D3-BF4B-00C04F79EFBC}") = "BuraBot", "BuraBot\BuraBot.csproj", "{6820F3EF-8BB6-4AD6-9B79-3DDEDBA61129}"
EndProject
Global
	GlobalSection(SolutionConfigurationPlatforms) = preSolution
		Debug|Any CPU = Debug|Any CPU
		Release|Any CPU = Release|Any CPU
	EndGlobalSection
	GlobalSection(ProjectConfigurationPlatforms) = postSolution
		{6820F3EF-8BB6-4AD6-9B79-3DDEDBA61129}.Debug|Any CPU.ActiveCfg = Debug|Any CPU
		{6820F3EF-8BB6-4AD6-9B79-3DDEDBA61129}.Debug|Any CPU.Build.0 = Debug|Any CPU
		{6820F3EF-8BB6-4AD6-9B79-3DDEDBA61129}.Release|Any CPU.ActiveCfg = Release|Any CPU
		{6820F3EF-8BB6-4AD6-9B79-3DDEDBA61129}.Release|Any CPU.Build.0 = Release|Any CPU
	EndGlobalSection
	GlobalSection(SolutionProperties) = preSolution
		HideSolutionNode = FALSE
	EndGlobalSection
	GlobalSection(ExtensibilityGlobals) = postSolution
		SolutionGuid = {3FDE839A-870C-4276-9998-82CEAC337234}
	EndGlobalSection
EndGlobal
